
Microsoft Visual Studio Solution File, Format Version 12.00
# Visual Studio Version 17
VisualStudioVersion = 17.0.32112.339
MinimumVisualStudioVersion = 10.0.40219.1
Project("{FAE04EC0-301F-11D3-BF4B-00C04F79EFBC}") = "Veeam_Projects_Synchronization", "Veeam_Projects_Synchronization.csproj", "{8687B2F6-F7CB-4699-9B7A-923E8A3BF221}"
EndProject
Global
	GlobalSection(SolutionConfigurationPlatforms) = preSolution
		Debug|Any CPU = Debug|Any CPU
		Release|Any CPU = Release|Any CPU
	EndGlobalSection
	GlobalSection(ProjectConfigurationPlatforms) = postSolution
		{8687B2F6-F7CB-4699-9B7A-923E8A3BF221}.Debug|Any CPU.ActiveCfg = Debug|Any CPU
		{8687B2F6-F7CB-4699-9B7A-923E8A3BF221}.Debug|Any CPU.Build.0 = Debug|Any CPU
		{8687B2F6-F7CB-4699-9B7A-923E8A3BF221}.Release|Any CPU.ActiveCfg = Release|Any CPU
		{8687B2F6-F7CB-4699-9B7A-923E8A3BF221}.Release|Any CPU.Build.0 = Release|Any CPU
	EndGlobalSection
	GlobalSection(SolutionProperties) = preSolution
		HideSolutionNode = FALSE
	EndGlobalSection
	GlobalSection(ExtensibilityGlobals) = postSolution
		SolutionGuid = {6D6D54DE-1C62-4001-9C7C-701BB891C1E7}
	EndGlobalSection
EndGlobal
